<Solution>
  <Folder Name="/src/">
    <Project Path="src/Andreja.Api.Contracts/Andreja.Api.Contracts.csproj" />
    <Project Path="src/Andreja.AppHost/Andreja.AppHost.csproj" />
    <Project Path="src/Andreja.Platform.Contracts/Andreja.Platform.Contracts.csproj" />
  </Folder>
  <Folder Name="/src/Adapters/">
    <Project Path="src/Adapters/Andreja.Adapters/Andreja.Adapters.csproj" />
  </Folder>
  <Folder Name="/src/Modules/">
    <Project Path="src/Modules/Andreja.Modules/Andreja.Modules.csproj" />
  </Folder>
  <Folder Name="/tests/">
    <Project Path="tests/Andreja.ArchitectureTests/Andreja.ArchitectureTests.csproj" />
    <Project Path="tests/Andreja.UnitTests/Andreja.UnitTests.csproj" />
  </Folder>
</Solution>
